
Microsoft Visual Studio Solution File, Format Version 12.00
# Visual Studio Version 16
VisualStudioVersion = 16.0.30717.126
MinimumVisualStudioVersion = 10.0.40219.1
Project("{FAE04EC0-301F-11D3-BF4B-00C04F79EFBC}") = "MagazynSkładowania", "MagazynSkładowania\MagazynSkładowania.csproj", "{456F0306-EE7D-4DEE-B759-F2EF7360572A}"
EndProject
Global
	GlobalSection(SolutionConfigurationPlatforms) = preSolution
		Debug|Any CPU = Debug|Any CPU
		Release|Any CPU = Release|Any CPU
	EndGlobalSection
	GlobalSection(ProjectConfigurationPlatforms) = postSolution
		{456F0306-EE7D-4DEE-B759-F2EF7360572A}.Debug|Any CPU.ActiveCfg = Debug|Any CPU
		{456F0306-EE7D-4DEE-B759-F2EF7360572A}.Debug|Any CPU.Build.0 = Debug|Any CPU
		{456F0306-EE7D-4DEE-B759-F2EF7360572A}.Release|Any CPU.ActiveCfg = Release|Any CPU
		{456F0306-EE7D-4DEE-B759-F2EF7360572A}.Release|Any CPU.Build.0 = Release|Any CPU
	EndGlobalSection
	GlobalSection(SolutionProperties) = preSolution
		HideSolutionNode = FALSE
	EndGlobalSection
	GlobalSection(ExtensibilityGlobals) = postSolution
		SolutionGuid = {E6800895-D572-4464-8B74-3DE1F11B23EE}
	EndGlobalSection
EndGlobal
